
Microsoft Visual Studio Solution File, Format Version 12.00
# Visual Studio Version 16
VisualStudioVersion = 16.0.30621.155
MinimumVisualStudioVersion = 10.0.40219.1
Project("{9A19103F-16F7-4668-BE54-9A1E7A4F7556}") = "FolderBrowserEx", "FolderBrowserEx\FolderBrowserEx.csproj", "{766BCD80-3B92-4DBA-9945-41ED534D4869}"
EndProject
Project("{2150E333-8FDC-42A3-9474-1A3956D46DE8}") = "Samples", "Samples", "{9F6CCACF-0F70-4A65-A691-EF3DBA504C66}"
EndProject
Project("{FAE04EC0-301F-11D3-BF4B-00C04F79EFBC}") = "NetFrameworkSample", "Samples\NetFrameworkSample\NetFrameworkSample.csproj", "{F722360B-B9B7-4032-AAC9-6F48C2DFD7B5}"
EndProject
Project("{FAE04EC0-301F-11D3-BF4B-00C04F79EFBC}") = "MVVMBase", "Samples\MVVMBase\MVVMBase.csproj", "{5412C5E7-9EE7-46B6-BA5D-D486F5A3D220}"
EndProject
Project("{9A19103F-16F7-4668-BE54-9A1E7A4F7556}") = "NetCoreSample", "Samples\NetCoreSample\NetCoreSample.csproj", "{213DD845-38A7-43D5-9C26-48798DBAC52B}"
EndProject
Global
	GlobalSection(SolutionConfigurationPlatforms) = preSolution
		Debug|Any CPU = Debug|Any CPU
		Release|Any CPU = Release|Any CPU
	EndGlobalSection
	GlobalSection(ProjectConfigurationPlatforms) = postSolution
		{766BCD80-3B92-4DBA-9945-41ED534D4869}.Debug|Any CPU.ActiveCfg = Debug|Any CPU
		{766BCD80-3B92-4DBA-9945-41ED534D4869}.Debug|Any CPU.Build.0 = Debug|Any CPU
		{766BCD80-3B92-4DBA-9945-41ED534D4869}.Release|Any CPU.ActiveCfg = Release|Any CPU
		{766BCD80-3B92-4DBA-9945-41ED534D4869}.Release|Any CPU.Build.0 = Release|Any CPU
		{F722360B-B9B7-4032-AAC9-6F48C2DFD7B5}.Debug|Any CPU.ActiveCfg = Debug|Any CPU
		{F722360B-B9B7-4032-AAC9-6F48C2DFD7B5}.Debug|Any CPU.Build.0 = Debug|Any CPU
		{F722360B-B9B7-4032-AAC9-6F48C2DFD7B5}.Release|Any CPU.ActiveCfg = Release|Any CPU
		{F722360B-B9B7-4032-AAC9-6F48C2DFD7B5}.Release|Any CPU.Build.0 = Release|Any CPU
		{5412C5E7-9EE7-46B6-BA5D-D486F5A3D220}.Debug|Any CPU.ActiveCfg = Debug|Any CPU
		{5412C5E7-9EE7-46B6-BA5D-D486F5A3D220}.Debug|Any CPU.Build.0 = Debug|Any CPU
		{5412C5E7-9EE7-46B6-BA5D-D486F5A3D220}.Release|Any CPU.ActiveCfg = Release|Any CPU
		{5412C5E7-9EE7-46B6-BA5D-D486F5A3D220}.Release|Any CPU.Build.0 = Release|Any CPU
		{213DD845-38A7-43D5-9C26-48798DBAC52B}.Debug|Any CPU.ActiveCfg = Debug|Any CPU
		{213DD845-38A7-43D5-9C26-48798DBAC52B}.Debug|Any CPU.Build.0 = Debug|Any CPU
		{213DD845-38A7-43D5-9C26-48798DBAC52B}.Release|Any CPU.ActiveCfg = Release|Any CPU
		{213DD845-38A7-43D5-9C26-48798DBAC52B}.Release|Any CPU.Build.0 = Release|Any CPU
	EndGlobalSection
	GlobalSection(SolutionProperties) = preSolution
		HideSolutionNode = FALSE
	EndGlobalSection
	GlobalSection(NestedProjects) = preSolution
		{F722360B-B9B7-4032-AAC9-6F48C2DFD7B5} = {9F6CCACF-0F70-4A65-A691-EF3DBA504C66}
		{5412C5E7-9EE7-46B6-BA5D-D486F5A3D220} = {9F6CCACF-0F70-4A65-A691-EF3DBA504C66}
		{213DD845-38A7-43D5-9C26-48798DBAC52B} = {9F6CCACF-0F70-4A65-A691-EF3DBA504C66}
	EndGlobalSection
	GlobalSection(ExtensibilityGlobals) = postSolution
		SolutionGuid = {5E30DE11-0284-497F-B151-6F08D3A0F46E}
	EndGlobalSection
EndGlobal
